
Microsoft Visual Studio Solution File, Format Version 12.00
# Visual Studio 15
VisualStudioVersion = 15.0.27004.2002
MinimumVisualStudioVersion = 10.0.40219.1
Project("{FAE04EC0-301F-11D3-BF4B-00C04F79EFBC}") = "MakersPro", "MakersPro\MakersPro.csproj", "{6FF28549-4298-49C9-A4E9-8EFB72009A66}"
EndProject
Global
	GlobalSection(SolutionConfigurationPlatforms) = preSolution
		Debug|Any CPU = Debug|Any CPU
		Release|Any CPU = Release|Any CPU
	EndGlobalSection
	GlobalSection(ProjectConfigurationPlatforms) = postSolution
		{6FF28549-4298-49C9-A4E9-8EFB72009A66}.Debug|Any CPU.ActiveCfg = Debug|Any CPU
		{6FF28549-4298-49C9-A4E9-8EFB72009A66}.Debug|Any CPU.Build.0 = Debug|Any CPU
		{6FF28549-4298-49C9-A4E9-8EFB72009A66}.Release|Any CPU.ActiveCfg = Release|Any CPU
		{6FF28549-4298-49C9-A4E9-8EFB72009A66}.Release|Any CPU.Build.0 = Release|Any CPU
	EndGlobalSection
	GlobalSection(SolutionProperties) = preSolution
		HideSolutionNode = FALSE
	EndGlobalSection
	GlobalSection(ExtensibilityGlobals) = postSolution
		SolutionGuid = {A65F434B-70C3-4ECE-AEB3-122D8DEF8292}
	EndGlobalSection
EndGlobal
